// !$*UTF8*$!
{
	archiveVersion = 1;
	classes = {
	};
	objectVersion = 48;
	objects = {

/* Begin PBXBuildFile section */
		3C0C8E3EB4FCA4C9D817A0E9 /* Pods_JapanCareer.framework in Frameworks */ = {isa = PBXBuildFile; fileRef = 7174940307CDA263897307D5 /* Pods_JapanCareer.framework */; };
		55083687208684C000D54D04 /* EditCompanyDescription.swift in Sources */ = {isa = PBXBuildFile; fileRef = 55083686208684C000D54D04 /* EditCompanyDescription.swift */; };
		550836892086FDF800D54D04 /* HeaderCellWithButton.swift in Sources */ = {isa = PBXBuildFile; fileRef = 550836882086FDF800D54D04 /* HeaderCellWithButton.swift */; };
		551ED1A8206D2AC000102E6C /* AppDelegate.swift in Sources */ = {isa = PBXBuildFile; fileRef = 551ED1A7206D2AC000102E6C /* AppDelegate.swift */; };
		551ED1AA206D2AC000102E6C /* MessageController.swift in Sources */ = {isa = PBXBuildFile; fileRef = 551ED1A9206D2AC000102E6C /* MessageController.swift */; };
		551ED1AD206D2AC000102E6C /* Main.storyboard in Resources */ = {isa = PBXBuildFile; fileRef = 551ED1AB206D2AC000102E6C /* Main.storyboard */; };
		551ED1B0206D2AC000102E6C /* JapanCareer.xcdatamodeld in Sources */ = {isa = PBXBuildFile; fileRef = 551ED1AE206D2AC000102E6C /* JapanCareer.xcdatamodeld */; };
		551ED1B5206D2AC000102E6C /* LaunchScreen.storyboard in Resources */ = {isa = PBXBuildFile; fileRef = 551ED1B3206D2AC000102E6C /* LaunchScreen.storyboard */; };
		551ED1C0206D491D00102E6C /* UserCell.swift in Sources */ = {isa = PBXBuildFile; fileRef = 551ED1BF206D491D00102E6C /* UserCell.swift */; };
		552546B62082537400F20AE6 /* CompanyProfileViewController+CollectionViewMethods.swift in Sources */ = {isa = PBXBuildFile; fileRef = 552546B52082537400F20AE6 /* CompanyProfileViewController+CollectionViewMethods.swift */; };
		552546B8208254EB00F20AE6 /* CompanyDescriptionTableViewCell.swift in Sources */ = {isa = PBXBuildFile; fileRef = 552546B7208254EB00F20AE6 /* CompanyDescriptionTableViewCell.swift */; };
		552546BB2082558200F20AE6 /* ButtonTableViewCell.swift in Sources */ = {isa = PBXBuildFile; fileRef = 552546BA2082558200F20AE6 /* ButtonTableViewCell.swift */; };
		552546BD2082561200F20AE6 /* CollectionViewWithUnderbar.swift in Sources */ = {isa = PBXBuildFile; fileRef = 552546BC2082561200F20AE6 /* CollectionViewWithUnderbar.swift */; };
		552546BF2082566500F20AE6 /* CompanyHeaderCell.swift in Sources */ = {isa = PBXBuildFile; fileRef = 552546BE2082566500F20AE6 /* CompanyHeaderCell.swift */; };
		552546C2208258CA00F20AE6 /* HeaderTableViewCell.swift in Sources */ = {isa = PBXBuildFile; fileRef = 552546C1208258CA00F20AE6 /* HeaderTableViewCell.swift */; };
		552546C42082592C00F20AE6 /* UserDescriptionHeaderCell.swift in Sources */ = {isa = PBXBuildFile; fileRef = 552546C32082592C00F20AE6 /* UserDescriptionHeaderCell.swift */; };
		552546C62082598F00F20AE6 /* UserDescriptionCell.swift in Sources */ = {isa = PBXBuildFile; fileRef = 552546C52082598F00F20AE6 /* UserDescriptionCell.swift */; };
		552546C820825A0400F20AE6 /* FooterTableViewCell.swift in Sources */ = {isa = PBXBuildFile; fileRef = 552546C720825A0400F20AE6 /* FooterTableViewCell.swift */; };
		552546CD20825A7100F20AE6 /* BaseTableViewCell.swift in Sources */ = {isa = PBXBuildFile; fileRef = 552546CC20825A7100F20AE6 /* BaseTableViewCell.swift */; };
		552546D120825BE300F20AE6 /* UserDescriptionCollectionViewCell.swift in Sources */ = {isa = PBXBuildFile; fileRef = 552546D020825BE300F20AE6 /* UserDescriptionCollectionViewCell.swift */; };
		552546D320825C0B00F20AE6 /* EditCollectionViewHeaderCell.swift in Sources */ = {isa = PBXBuildFile; fileRef = 552546D220825C0B00F20AE6 /* EditCollectionViewHeaderCell.swift */; };
		5544FFBA207169E6006204BE /* Extensions.swift in Sources */ = {isa = PBXBuildFile; fileRef = 5544FFB9207169E6006204BE /* Extensions.swift */; };
		55648325206D4F310049A1C7 /* RegisterController.swift in Sources */ = {isa = PBXBuildFile; fileRef = 55648324206D4F310049A1C7 /* RegisterController.swift */; };
		55648327206D71860049A1C7 /* GradientMaker.swift in Sources */ = {isa = PBXBuildFile; fileRef = 55648326206D71860049A1C7 /* GradientMaker.swift */; };
		55648329206D9A1C0049A1C7 /* LoginInputCell.swift in Sources */ = {isa = PBXBuildFile; fileRef = 55648328206D9A1C0049A1C7 /* LoginInputCell.swift */; };
		5564DA64206FF140008E1327 /* LoginController.swift in Sources */ = {isa = PBXBuildFile; fileRef = 5564DA63206FF140008E1327 /* LoginController.swift */; };
		5564DA67206FF51E008E1327 /* User.swift in Sources */ = {isa = PBXBuildFile; fileRef = 5564DA66206FF51E008E1327 /* User.swift */; };
		5564DA69207008C0008E1327 /* RegisterController+handlers.swift in Sources */ = {isa = PBXBuildFile; fileRef = 5564DA68207008C0008E1327 /* RegisterController+handlers.swift */; };
		558F0F4F206EA29300459D94 /* ButtonWithImage.swift in Sources */ = {isa = PBXBuildFile; fileRef = 558F0F4E206EA29300459D94 /* ButtonWithImage.swift */; };
		558F0F51206F2C8200459D94 /* GoogleService-Info.plist in Resources */ = {isa = PBXBuildFile; fileRef = 558F0F50206F2C8100459D94 /* GoogleService-Info.plist */; };
		558F0F53206FEFF500459D94 /* NewMessageController.swift in Sources */ = {isa = PBXBuildFile; fileRef = 558F0F52206FEFF500459D94 /* NewMessageController.swift */; };
		558FE6BA20781A860062ABDD /* ProfileCard.swift in Sources */ = {isa = PBXBuildFile; fileRef = 558FE6B920781A860062ABDD /* ProfileCard.swift */; };
		55A6A8EE20859EBF004D7206 /* Assets.xcassets in Resources */ = {isa = PBXBuildFile; fileRef = 55A6A8ED20859EBF004D7206 /* Assets.xcassets */; };
		55B288F8207CECA400C4DB82 /* CompanyDescription.swift in Sources */ = {isa = PBXBuildFile; fileRef = 55B288F7207CECA400C4DB82 /* CompanyDescription.swift */; };
		55B7D69D207FF8BD009CBA51 /* ProfileEditCollectionViewController.swift in Sources */ = {isa = PBXBuildFile; fileRef = 55B7D69C207FF8BD009CBA51 /* ProfileEditCollectionViewController.swift */; };
		55B7D69F20807A34009CBA51 /* EditViewController.swift in Sources */ = {isa = PBXBuildFile; fileRef = 55B7D69E20807A34009CBA51 /* EditViewController.swift */; };
		55C8800C2075F43300CDC8A5 /* CustomBarWithDescriptionView.swift in Sources */ = {isa = PBXBuildFile; fileRef = 55C8800B2075F43300CDC8A5 /* CustomBarWithDescriptionView.swift */; };
		55C880102076C76400CDC8A5 /* CompanyDescriptionView.swift in Sources */ = {isa = PBXBuildFile; fileRef = 55C8800F2076C76400CDC8A5 /* CompanyDescriptionView.swift */; };
		55DA86B82071818C002941F0 /* ChatLogController.swift in Sources */ = {isa = PBXBuildFile; fileRef = 55DA86B72071818C002941F0 /* ChatLogController.swift */; };
		55DA86BA2071A500002941F0 /* Message.swift in Sources */ = {isa = PBXBuildFile; fileRef = 55DA86B92071A500002941F0 /* Message.swift */; };
		55DA86BC20727B33002941F0 /* ChatMessageCell.swift in Sources */ = {isa = PBXBuildFile; fileRef = 55DA86BB20727B33002941F0 /* ChatMessageCell.swift */; };
		55DA86C02075279E002941F0 /* CustomTabBarController.swift in Sources */ = {isa = PBXBuildFile; fileRef = 55DA86BF2075279E002941F0 /* CustomTabBarController.swift */; };
		55DA86C220752848002941F0 /* ListViewController.swift in Sources */ = {isa = PBXBuildFile; fileRef = 55DA86C120752848002941F0 /* ListViewController.swift */; };
		55DA86C4207528A8002941F0 /* ProfileController.swift in Sources */ = {isa = PBXBuildFile; fileRef = 55DA86C3207528A8002941F0 /* ProfileController.swift */; };
		55DA86C820754CD4002941F0 /* FilteringMenuCell.swift in Sources */ = {isa = PBXBuildFile; fileRef = 55DA86C720754CD4002941F0 /* FilteringMenuCell.swift */; };
		55DA86CA20757974002941F0 /* UserCardView.swift in Sources */ = {isa = PBXBuildFile; fileRef = 55DA86C920757974002941F0 /* UserCardView.swift */; };
		55DA86CC2075809B002941F0 /* CompanyProfileViewController.swift in Sources */ = {isa = PBXBuildFile; fileRef = 55DA86CB2075809B002941F0 /* CompanyProfileViewController.swift */; };
/* End PBXBuildFile section */

/* Begin PBXFileReference section */
		245FEBC03CE57D709861E3DF /* Pods-JapanCareer.debug.xcconfig */ = {isa = PBXFileReference; includeInIndex = 1; lastKnownFileType = text.xcconfig; name = "Pods-JapanCareer.debug.xcconfig"; path = "Pods/Target Support Files/Pods-JapanCareer/Pods-JapanCareer.debug.xcconfig"; sourceTree = "<group>"; };
		55083686208684C000D54D04 /* EditCompanyDescription.swift */ = {isa = PBXFileReference; lastKnownFileType = sourcecode.swift; path = EditCompanyDescription.swift; sourceTree = "<group>"; };
		550836882086FDF800D54D04 /* HeaderCellWithButton.swift */ = {isa = PBXFileReference; lastKnownFileType = sourcecode.swift; path = HeaderCellWithButton.swift; sourceTree = "<group>"; };
		551ED1A4206D2AC000102E6C /* JapanCareer.app */ = {isa = PBXFileReference; explicitFileType = wrapper.application; includeInIndex = 0; path = JapanCareer.app; sourceTree = BUILT_PRODUCTS_DIR; };
		551ED1A7206D2AC000102E6C /* AppDelegate.swift */ = {isa = PBXFileReference; lastKnownFileType = sourcecode.swift; path = AppDelegate.swift; sourceTree = "<group>"; };
		551ED1A9206D2AC000102E6C /* MessageController.swift */ = {isa = PBXFileReference; lastKnownFileType = sourcecode.swift; path = MessageController.swift; sourceTree = "<group>"; };
		551ED1AC206D2AC000102E6C /* Base */ = {isa = PBXFileReference; lastKnownFileType = file.storyboard; name = Base; path = Base.lproj/Main.storyboard; sourceTree = "<group>"; };
		551ED1AF206D2AC000102E6C /* JapanCareer.xcdatamodel */ = {isa = PBXFileReference; lastKnownFileType = wrapper.xcdatamodel; path = JapanCareer.xcdatamodel; sourceTree = "<group>"; };
		551ED1B4206D2AC000102E6C /* Base */ = {isa = PBXFileReference; lastKnownFileType = file.storyboard; name = Base; path = Base.lproj/LaunchScreen.storyboard; sourceTree = "<group>"; };
		551ED1B6206D2AC100102E6C /* Info.plist */ = {isa = PBXFileReference; lastKnownFileType = text.plist.xml; path = Info.plist; sourceTree = "<group>"; };
		551ED1BF206D491D00102E6C /* UserCell.swift */ = {isa = PBXFileReference; lastKnownFileType = sourcecode.swift; path = UserCell.swift; sourceTree = "<group>"; };
		552546B52082537400F20AE6 /* CompanyProfileViewController+CollectionViewMethods.swift */ = {isa = PBXFileReference; lastKnownFileType = sourcecode.swift; path = "CompanyProfileViewController+CollectionViewMethods.swift"; sourceTree = "<group>"; };
		552546B7208254EB00F20AE6 /* CompanyDescriptionTableViewCell.swift */ = {isa = PBXFileReference; lastKnownFileType = sourcecode.swift; path = CompanyDescriptionTableViewCell.swift; sourceTree = "<group>"; };
		552546BA2082558200F20AE6 /* ButtonTableViewCell.swift */ = {isa = PBXFileReference; lastKnownFileType = sourcecode.swift; path = ButtonTableViewCell.swift; sourceTree = "<group>"; };
		552546BC2082561200F20AE6 /* CollectionViewWithUnderbar.swift */ = {isa = PBXFileReference; lastKnownFileType = sourcecode.swift; path = CollectionViewWithUnderbar.swift; sourceTree = "<group>"; };
		552546BE2082566500F20AE6 /* CompanyHeaderCell.swift */ = {isa = PBXFileReference; lastKnownFileType = sourcecode.swift; path = CompanyHeaderCell.swift; sourceTree = "<group>"; };
		552546C1208258CA00F20AE6 /* HeaderTableViewCell.swift */ = {isa = PBXFileReference; lastKnownFileType = sourcecode.swift; path = HeaderTableViewCell.swift; sourceTree = "<group>"; };
		552546C32082592C00F20AE6 /* UserDescriptionHeaderCell.swift */ = {isa = PBXFileReference; lastKnownFileType = sourcecode.swift; path = UserDescriptionHeaderCell.swift; sourceTree = "<group>"; };
		552546C52082598F00F20AE6 /* UserDescriptionCell.swift */ = {isa = PBXFileReference; lastKnownFileType = sourcecode.swift; path = UserDescriptionCell.swift; sourceTree = "<group>"; };
		552546C720825A0400F20AE6 /* FooterTableViewCell.swift */ = {isa = PBXFileReference; lastKnownFileType = sourcecode.swift; path = FooterTableViewCell.swift; sourceTree = "<group>"; };
		552546CC20825A7100F20AE6 /* BaseTableViewCell.swift */ = {isa = PBXFileReference; lastKnownFileType = sourcecode.swift; path = BaseTableViewCell.swift; sourceTree = "<group>"; };
		552546D020825BE300F20AE6 /* UserDescriptionCollectionViewCell.swift */ = {isa = PBXFileReference; lastKnownFileType = sourcecode.swift; path = UserDescriptionCollectionViewCell.swift; sourceTree = "<group>"; };
		552546D220825C0B00F20AE6 /* EditCollectionViewHeaderCell.swift */ = {isa = PBXFileReference; lastKnownFileType = sourcecode.swift; path = EditCollectionViewHeaderCell.swift; sourceTree = "<group>"; };
		5544FFB9207169E6006204BE /* Extensions.swift */ = {isa = PBXFileReference; lastKnownFileType = sourcecode.swift; path = Extensions.swift; sourceTree = "<group>"; };
		55648324206D4F310049A1C7 /* RegisterController.swift */ = {isa = PBXFileReference; lastKnownFileType = sourcecode.swift; path = RegisterController.swift; sourceTree = "<group>"; };
		55648326206D71860049A1C7 /* GradientMaker.swift */ = {isa = PBXFileReference; lastKnownFileType = sourcecode.swift; path = GradientMaker.swift; sourceTree = "<group>"; };
		55648328206D9A1C0049A1C7 /* LoginInputCell.swift */ = {isa = PBXFileReference; lastKnownFileType = sourcecode.swift; path = LoginInputCell.swift; sourceTree = "<group>"; };
		5564DA63206FF140008E1327 /* LoginController.swift */ = {isa = PBXFileReference; lastKnownFileType = sourcecode.swift; path = LoginController.swift; sourceTree = "<group>"; };
		5564DA66206FF51E008E1327 /* User.swift */ = {isa = PBXFileReference; lastKnownFileType = sourcecode.swift; path = User.swift; sourceTree = "<group>"; };
		5564DA68207008C0008E1327 /* RegisterController+handlers.swift */ = {isa = PBXFileReference; lastKnownFileType = sourcecode.swift; path = "RegisterController+handlers.swift"; sourceTree = "<group>"; };
		558F0F4E206EA29300459D94 /* ButtonWithImage.swift */ = {isa = PBXFileReference; lastKnownFileType = sourcecode.swift; path = ButtonWithImage.swift; sourceTree = "<group>"; };
		558F0F50206F2C8100459D94 /* GoogleService-Info.plist */ = {isa = PBXFileReference; fileEncoding = 4; lastKnownFileType = text.plist.xml; path = "GoogleService-Info.plist"; sourceTree = "<group>"; };
		558F0F52206FEFF500459D94 /* NewMessageController.swift */ = {isa = PBXFileReference; lastKnownFileType = sourcecode.swift; path = NewMessageController.swift; sourceTree = "<group>"; };
		558FE6B920781A860062ABDD /* ProfileCard.swift */ = {isa = PBXFileReference; lastKnownFileType = sourcecode.swift; path = ProfileCard.swift; sourceTree = "<group>"; };
		55A6A8ED20859EBF004D7206 /* Assets.xcassets */ = {isa = PBXFileReference; lastKnownFileType = folder.assetcatalog; name = Assets.xcassets; path = JapanCareer/Assets.xcassets; sourceTree = SOURCE_ROOT; };
		55B288F7207CECA400C4DB82 /* CompanyDescription.swift */ = {isa = PBXFileReference; lastKnownFileType = sourcecode.swift; path = CompanyDescription.swift; sourceTree = "<group>"; };
		55B7D69C207FF8BD009CBA51 /* ProfileEditCollectionViewController.swift */ = {isa = PBXFileReference; lastKnownFileType = sourcecode.swift; path = ProfileEditCollectionViewController.swift; sourceTree = "<group>"; };
		55B7D69E20807A34009CBA51 /* EditViewController.swift */ = {isa = PBXFileReference; lastKnownFileType = sourcecode.swift; path = EditViewController.swift; sourceTree = "<group>"; };
		55C8800B2075F43300CDC8A5 /* CustomBarWithDescriptionView.swift */ = {isa = PBXFileReference; lastKnownFileType = sourcecode.swift; path = CustomBarWithDescriptionView.swift; sourceTree = "<group>"; };
		55C8800F2076C76400CDC8A5 /* CompanyDescriptionView.swift */ = {isa = PBXFileReference; lastKnownFileType = sourcecode.swift; path = CompanyDescriptionView.swift; sourceTree = "<group>"; };
		55DA86B72071818C002941F0 /* ChatLogController.swift */ = {isa = PBXFileReference; lastKnownFileType = sourcecode.swift; path = ChatLogController.swift; sourceTree = "<group>"; };
		55DA86B92071A500002941F0 /* Message.swift */ = {isa = PBXFileReference; lastKnownFileType = sourcecode.swift; path = Message.swift; sourceTree = "<group>"; };
		55DA86BB20727B33002941F0 /* ChatMessageCell.swift */ = {isa = PBXFileReference; lastKnownFileType = sourcecode.swift; path = ChatMessageCell.swift; sourceTree = "<group>"; };
		55DA86BF2075279E002941F0 /* CustomTabBarController.swift */ = {isa = PBXFileReference; lastKnownFileType = sourcecode.swift; path = CustomTabBarController.swift; sourceTree = "<group>"; };
		55DA86C120752848002941F0 /* ListViewController.swift */ = {isa = PBXFileReference; lastKnownFileType = sourcecode.swift; path = ListViewController.swift; sourceTree = "<group>"; };
		55DA86C3207528A8002941F0 /* ProfileController.swift */ = {isa = PBXFileReference; lastKnownFileType = sourcecode.swift; path = ProfileController.swift; sourceTree = "<group>"; };
		55DA86C720754CD4002941F0 /* FilteringMenuCell.swift */ = {isa = PBXFileReference; lastKnownFileType = sourcecode.swift; path = FilteringMenuCell.swift; sourceTree = "<group>"; };
		55DA86C920757974002941F0 /* UserCardView.swift */ = {isa = PBXFileReference; lastKnownFileType = sourcecode.swift; path = UserCardView.swift; sourceTree = "<group>"; };
		55DA86CB2075809B002941F0 /* CompanyProfileViewController.swift */ = {isa = PBXFileReference; lastKnownFileType = sourcecode.swift; path = CompanyProfileViewController.swift; sourceTree = "<group>"; };
		585AEE0D3B25482BC5D156E0 /* Pods-JapanCareer.release.xcconfig */ = {isa = PBXFileReference; includeInIndex = 1; lastKnownFileType = text.xcconfig; name = "Pods-JapanCareer.release.xcconfig"; path = "Pods/Target Support Files/Pods-JapanCareer/Pods-JapanCareer.release.xcconfig"; sourceTree = "<group>"; };
		7174940307CDA263897307D5 /* Pods_JapanCareer.framework */ = {isa = PBXFileReference; explicitFileType = wrapper.framework; includeInIndex = 0; path = Pods_JapanCareer.framework; sourceTree = BUILT_PRODUCTS_DIR; };
/* End PBXFileReference section */

/* Begin PBXFrameworksBuildPhase section */
		551ED1A1206D2AC000102E6C /* Frameworks */ = {
			isa = PBXFrameworksBuildPhase;
			buildActionMask = 2147483647;
			files = (
				3C0C8E3EB4FCA4C9D817A0E9 /* Pods_JapanCareer.framework in Frameworks */,
			);
			runOnlyForDeploymentPostprocessing = 0;
		};
/* End PBXFrameworksBuildPhase section */

/* Begin PBXGroup section */
		090322E043C928D4D3551E47 /* Frameworks */ = {
			isa = PBXGroup;
			children = (
				7174940307CDA263897307D5 /* Pods_JapanCareer.framework */,
			);
			name = Frameworks;
			sourceTree = "<group>";
		};
		551ED19B206D2AC000102E6C = {
			isa = PBXGroup;
			children = (
				551ED1A6206D2AC000102E6C /* JapanCareer */,
				551ED1A5206D2AC000102E6C /* Products */,
				F44039BC9BC93CE416CB8B8D /* Pods */,
				090322E043C928D4D3551E47 /* Frameworks */,
			);
			sourceTree = "<group>";
		};
		551ED1A5206D2AC000102E6C /* Products */ = {
			isa = PBXGroup;
			children = (
				551ED1A4206D2AC000102E6C /* JapanCareer.app */,
			);
			name = Products;
			sourceTree = "<group>";
		};
		551ED1A6206D2AC000102E6C /* JapanCareer */ = {
			isa = PBXGroup;
			children = (
				55A6A8ED20859EBF004D7206 /* Assets.xcassets */,
				5544FFB8207169C8006204BE /* Helper */,
				5564DA65206FF513008E1327 /* Model */,
				55648323206D4EFC0049A1C7 /* Controller */,
				551ED1BC206D47F000102E6C /* View */,
				551ED1A7206D2AC000102E6C /* AppDelegate.swift */,
				551ED1AB206D2AC000102E6C /* Main.storyboard */,
				551ED1B3206D2AC000102E6C /* LaunchScreen.storyboard */,
				551ED1B6206D2AC100102E6C /* Info.plist */,
				551ED1AE206D2AC000102E6C /* JapanCareer.xcdatamodeld */,
				55648326206D71860049A1C7 /* GradientMaker.swift */,
				558F0F50206F2C8100459D94 /* GoogleService-Info.plist */,
			);
			path = JapanCareer;
			sourceTree = "<group>";
		};
		551ED1BC206D47F000102E6C /* View */ = {
			isa = PBXGroup;
			children = (
				552546C920825A2000F20AE6 /* Profile */,
				552546C02082582700F20AE6 /* Search */,
				552546D4208260C900F20AE6 /* Message */,
				55648328206D9A1C0049A1C7 /* LoginInputCell.swift */,
				558F0F4E206EA29300459D94 /* ButtonWithImage.swift */,
				55DA86C720754CD4002941F0 /* FilteringMenuCell.swift */,
			);
			path = View;
			sourceTree = "<group>";
		};
		552546C02082582700F20AE6 /* Search */ = {
			isa = PBXGroup;
			children = (
				55DA86C920757974002941F0 /* UserCardView.swift */,
				55C8800B2075F43300CDC8A5 /* CustomBarWithDescriptionView.swift */,
				55C8800F2076C76400CDC8A5 /* CompanyDescriptionView.swift */,
				552546BE2082566500F20AE6 /* CompanyHeaderCell.swift */,
				552546BC2082561200F20AE6 /* CollectionViewWithUnderbar.swift */,
				552546B7208254EB00F20AE6 /* CompanyDescriptionTableViewCell.swift */,
				552546BA2082558200F20AE6 /* ButtonTableViewCell.swift */,
			);
			path = Search;
			sourceTree = "<group>";
		};
		552546C920825A2000F20AE6 /* Profile */ = {
			isa = PBXGroup;
			children = (
				552546CC20825A7100F20AE6 /* BaseTableViewCell.swift */,
				552546CF20825BBC00F20AE6 /* ViewsForProfileEdit */,
				552546CE20825B4900F20AE6 /* ViewsForProfile */,
			);
			path = Profile;
			sourceTree = "<group>";
		};
		552546CE20825B4900F20AE6 /* ViewsForProfile */ = {
			isa = PBXGroup;
			children = (
				552546C32082592C00F20AE6 /* UserDescriptionHeaderCell.swift */,
				552546C720825A0400F20AE6 /* FooterTableViewCell.swift */,
				552546C1208258CA00F20AE6 /* HeaderTableViewCell.swift */,
				552546C52082598F00F20AE6 /* UserDescriptionCell.swift */,
				550836882086FDF800D54D04 /* HeaderCellWithButton.swift */,
			);
			path = ViewsForProfile;
			sourceTree = "<group>";
		};
		552546CF20825BBC00F20AE6 /* ViewsForProfileEdit */ = {
			isa = PBXGroup;
			children = (
				552546D020825BE300F20AE6 /* UserDescriptionCollectionViewCell.swift */,
				552546D220825C0B00F20AE6 /* EditCollectionViewHeaderCell.swift */,
			);
			path = ViewsForProfileEdit;
			sourceTree = "<group>";
		};
		552546D4208260C900F20AE6 /* Message */ = {
			isa = PBXGroup;
			children = (
				551ED1BF206D491D00102E6C /* UserCell.swift */,
				55DA86BB20727B33002941F0 /* ChatMessageCell.swift */,
			);
			path = Message;
			sourceTree = "<group>";
		};
		5544FFB8207169C8006204BE /* Helper */ = {
			isa = PBXGroup;
			children = (
				5544FFB9207169E6006204BE /* Extensions.swift */,
			);
			path = Helper;
			sourceTree = "<group>";
		};
		55648323206D4EFC0049A1C7 /* Controller */ = {
			isa = PBXGroup;
			children = (
				55DA86BF2075279E002941F0 /* CustomTabBarController.swift */,
				558FE6B82077360B0062ABDD /* Profile */,
				55DA86CD2075823C002941F0 /* Message */,
				558FE6B7207735DA0062ABDD /* Search */,
			);
			path = Controller;
			sourceTree = "<group>";
		};
		5564DA65206FF513008E1327 /* Model */ = {
			isa = PBXGroup;
			children = (
				5564DA66206FF51E008E1327 /* User.swift */,
				55DA86B92071A500002941F0 /* Message.swift */,
				558FE6B920781A860062ABDD /* ProfileCard.swift */,
				55B288F7207CECA400C4DB82 /* CompanyDescription.swift */,
			);
			path = Model;
			sourceTree = "<group>";
		};
		558FE6B7207735DA0062ABDD /* Search */ = {
			isa = PBXGroup;
			children = (
				55DA86CB2075809B002941F0 /* CompanyProfileViewController.swift */,
				55DA86C120752848002941F0 /* ListViewController.swift */,
				552546B52082537400F20AE6 /* CompanyProfileViewController+CollectionViewMethods.swift */,
				55083686208684C000D54D04 /* EditCompanyDescription.swift */,
			);
			path = Search;
			sourceTree = "<group>";
		};
		558FE6B82077360B0062ABDD /* Profile */ = {
			isa = PBXGroup;
			children = (
				55DA86C3207528A8002941F0 /* ProfileController.swift */,
				55B7D69C207FF8BD009CBA51 /* ProfileEditCollectionViewController.swift */,
				55B7D69E20807A34009CBA51 /* EditViewController.swift */,
			);
			path = Profile;
			sourceTree = "<group>";
		};
		55DA86CD2075823C002941F0 /* Message */ = {
			isa = PBXGroup;
			children = (
				551ED1A9206D2AC000102E6C /* MessageController.swift */,
				55648324206D4F310049A1C7 /* RegisterController.swift */,
				558F0F52206FEFF500459D94 /* NewMessageController.swift */,
				5564DA63206FF140008E1327 /* LoginController.swift */,
				5564DA68207008C0008E1327 /* RegisterController+handlers.swift */,
				55DA86B72071818C002941F0 /* ChatLogController.swift */,
			);
			path = Message;
			sourceTree = "<group>";
		};
		F44039BC9BC93CE416CB8B8D /* Pods */ = {
			isa = PBXGroup;
			children = (
				245FEBC03CE57D709861E3DF /* Pods-JapanCareer.debug.xcconfig */,
				585AEE0D3B25482BC5D156E0 /* Pods-JapanCareer.release.xcconfig */,
			);
			name = Pods;
			sourceTree = "<group>";
		};
/* End PBXGroup section */

/* Begin PBXNativeTarget section */
		551ED1A3206D2AC000102E6C /* JapanCareer */ = {
			isa = PBXNativeTarget;
			buildConfigurationList = 551ED1B9206D2AC100102E6C /* Build configuration list for PBXNativeTarget "JapanCareer" */;
			buildPhases = (
				E91549F75A1E685F93D34452 /* [CP] Check Pods Manifest.lock */,
				551ED1A0206D2AC000102E6C /* Sources */,
				551ED1A1206D2AC000102E6C /* Frameworks */,
				551ED1A2206D2AC000102E6C /* Resources */,
				41230C21CF5FFC7A43482869 /* [CP] Embed Pods Frameworks */,
				E459D15B419FE29F23FC0D59 /* [CP] Copy Pods Resources */,
			);
			buildRules = (
			);
			dependencies = (
			);
			name = JapanCareer;
			productName = JapanCareer;
			productReference = 551ED1A4206D2AC000102E6C /* JapanCareer.app */;
			productType = "com.apple.product-type.application";
		};
/* End PBXNativeTarget section */

/* Begin PBXProject section */
		551ED19C206D2AC000102E6C /* Project object */ = {
			isa = PBXProject;
			attributes = {
				LastSwiftUpdateCheck = 0920;
				LastUpgradeCheck = 0920;
				ORGANIZATIONNAME = "Kohei Arai";
				TargetAttributes = {
					551ED1A3206D2AC000102E6C = {
						CreatedOnToolsVersion = 9.2;
						ProvisioningStyle = Automatic;
					};
				};
			};
			buildConfigurationList = 551ED19F206D2AC000102E6C /* Build configuration list for PBXProject "JapanCareer" */;
			compatibilityVersion = "Xcode 8.0";
			developmentRegion = en;
			hasScannedForEncodings = 0;
			knownRegions = (
				en,
				Base,
			);
			mainGroup = 551ED19B206D2AC000102E6C;
			productRefGroup = 551ED1A5206D2AC000102E6C /* Products */;
			projectDirPath = "";
			projectRoot = "";
			targets = (
				551ED1A3206D2AC000102E6C /* JapanCareer */,
			);
		};
/* End PBXProject section */

/* Begin PBXResourcesBuildPhase section */
		551ED1A2206D2AC000102E6C /* Resources */ = {
			isa = PBXResourcesBuildPhase;
			buildActionMask = 2147483647;
			files = (
				551ED1B5206D2AC000102E6C /* LaunchScreen.storyboard in Resources */,
				551ED1AD206D2AC000102E6C /* Main.storyboard in Resources */,
				558F0F51206F2C8200459D94 /* GoogleService-Info.plist in Resources */,
				55A6A8EE20859EBF004D7206 /* Assets.xcassets in Resources */,
			);
			runOnlyForDeploymentPostprocessing = 0;
		};
/* End PBXResourcesBuildPhase section */

/* Begin PBXShellScriptBuildPhase section */
		41230C21CF5FFC7A43482869 /* [CP] Embed Pods Frameworks */ = {
			isa = PBXShellScriptBuildPhase;
			buildActionMask = 2147483647;
			files = (
			);
			inputPaths = (
				"${SRCROOT}/Pods/Target Support Files/Pods-JapanCareer/Pods-JapanCareer-frameworks.sh",
				"${BUILT_PRODUCTS_DIR}/GTMSessionFetcher/GTMSessionFetcher.framework",
				"${BUILT_PRODUCTS_DIR}/GoogleToolboxForMac/GoogleToolboxForMac.framework",
				"${BUILT_PRODUCTS_DIR}/leveldb-library/leveldb.framework",
				"${BUILT_PRODUCTS_DIR}/nanopb/nanopb.framework",
			);
			name = "[CP] Embed Pods Frameworks";
			outputPaths = (
				"${TARGET_BUILD_DIR}/${FRAMEWORKS_FOLDER_PATH}/GTMSessionFetcher.framework",
				"${TARGET_BUILD_DIR}/${FRAMEWORKS_FOLDER_PATH}/GoogleToolboxForMac.framework",
				"${TARGET_BUILD_DIR}/${FRAMEWORKS_FOLDER_PATH}/leveldb.framework",
				"${TARGET_BUILD_DIR}/${FRAMEWORKS_FOLDER_PATH}/nanopb.framework",
			);
			runOnlyForDeploymentPostprocessing = 0;
			shellPath = /bin/sh;
			shellScript = "\"${SRCROOT}/Pods/Target Support Files/Pods-JapanCareer/Pods-JapanCareer-frameworks.sh\"\n";
			showEnvVarsInLog = 0;
		};
		E459D15B419FE29F23FC0D59 /* [CP] Copy Pods Resources */ = {
			isa = PBXShellScriptBuildPhase;
			buildActionMask = 2147483647;
			files = (
			);
			inputPaths = (
			);
			name = "[CP] Copy Pods Resources";
			outputPaths = (
			);
			runOnlyForDeploymentPostprocessing = 0;
			shellPath = /bin/sh;
			shellScript = "\"${SRCROOT}/Pods/Target Support Files/Pods-JapanCareer/Pods-JapanCareer-resources.sh\"\n";
			showEnvVarsInLog = 0;
		};
		E91549F75A1E685F93D34452 /* [CP] Check Pods Manifest.lock */ = {
			isa = PBXShellScriptBuildPhase;
			buildActionMask = 2147483647;
			files = (
			);
			inputPaths = (
				"${PODS_PODFILE_DIR_PATH}/Podfile.lock",
				"${PODS_ROOT}/Manifest.lock",
			);
			name = "[CP] Check Pods Manifest.lock";
			outputPaths = (
				"$(DERIVED_FILE_DIR)/Pods-JapanCareer-checkManifestLockResult.txt",
			);
			runOnlyForDeploymentPostprocessing = 0;
			shellPath = /bin/sh;
			shellScript = "diff \"${PODS_PODFILE_DIR_PATH}/Podfile.lock\" \"${PODS_ROOT}/Manifest.lock\" > /dev/null\nif [ $? != 0 ] ; then\n    # print error to STDERR\n    echo \"error: The sandbox is not in sync with the Podfile.lock. Run 'pod install' or update your CocoaPods installation.\" >&2\n    exit 1\nfi\n# This output is used by Xcode 'outputs' to avoid re-running this script phase.\necho \"SUCCESS\" > \"${SCRIPT_OUTPUT_FILE_0}\"\n";
			showEnvVarsInLog = 0;
		};
/* End PBXShellScriptBuildPhase section */

/* Begin PBXSourcesBuildPhase section */
		551ED1A0206D2AC000102E6C /* Sources */ = {
			isa = PBXSourcesBuildPhase;
			buildActionMask = 2147483647;
			files = (
				552546BB2082558200F20AE6 /* ButtonTableViewCell.swift in Sources */,
				558F0F53206FEFF500459D94 /* NewMessageController.swift in Sources */,
				552546C42082592C00F20AE6 /* UserDescriptionHeaderCell.swift in Sources */,
				552546BD2082561200F20AE6 /* CollectionViewWithUnderbar.swift in Sources */,
				55B7D69D207FF8BD009CBA51 /* ProfileEditCollectionViewController.swift in Sources */,
				55C880102076C76400CDC8A5 /* CompanyDescriptionView.swift in Sources */,
				551ED1C0206D491D00102E6C /* UserCell.swift in Sources */,
				55DA86C220752848002941F0 /* ListViewController.swift in Sources */,
				55DA86CA20757974002941F0 /* UserCardView.swift in Sources */,
				5564DA69207008C0008E1327 /* RegisterController+handlers.swift in Sources */,
				55083687208684C000D54D04 /* EditCompanyDescription.swift in Sources */,
				558F0F4F206EA29300459D94 /* ButtonWithImage.swift in Sources */,
				551ED1B0206D2AC000102E6C /* JapanCareer.xcdatamodeld in Sources */,
				552546BF2082566500F20AE6 /* CompanyHeaderCell.swift in Sources */,
				55DA86CC2075809B002941F0 /* CompanyProfileViewController.swift in Sources */,
				558FE6BA20781A860062ABDD /* ProfileCard.swift in Sources */,
				552546C2208258CA00F20AE6 /* HeaderTableViewCell.swift in Sources */,
				55DA86BC20727B33002941F0 /* ChatMessageCell.swift in Sources */,
				55648327206D71860049A1C7 /* GradientMaker.swift in Sources */,
				551ED1AA206D2AC000102E6C /* MessageController.swift in Sources */,
				55DA86C02075279E002941F0 /* CustomTabBarController.swift in Sources */,
				552546D320825C0B00F20AE6 /* EditCollectionViewHeaderCell.swift in Sources */,
				55648325206D4F310049A1C7 /* RegisterController.swift in Sources */,
				5544FFBA207169E6006204BE /* Extensions.swift in Sources */,
				55648329206D9A1C0049A1C7 /* LoginInputCell.swift in Sources */,
				552546C62082598F00F20AE6 /* UserDescriptionCell.swift in Sources */,
				55DA86B82071818C002941F0 /* ChatLogController.swift in Sources */,
				551ED1A8206D2AC000102E6C /* AppDelegate.swift in Sources */,
				552546B8208254EB00F20AE6 /* CompanyDescriptionTableViewCell.swift in Sources */,
				55B7D69F20807A34009CBA51 /* EditViewController.swift in Sources */,
				552546D120825BE300F20AE6 /* UserDescriptionCollectionViewCell.swift in Sources */,
				55C8800C2075F43300CDC8A5 /* CustomBarWithDescriptionView.swift in Sources */,
				55DA86C4207528A8002941F0 /* ProfileController.swift in Sources */,
				55DA86BA2071A500002941F0 /* Message.swift in Sources */,
				55B288F8207CECA400C4DB82 /* CompanyDescription.swift in Sources */,
				552546C820825A0400F20AE6 /* FooterTableViewCell.swift in Sources */,
				552546B62082537400F20AE6 /* CompanyProfileViewController+CollectionViewMethods.swift in Sources */,
				550836892086FDF800D54D04 /* HeaderCellWithButton.swift in Sources */,
				5564DA64206FF140008E1327 /* LoginController.swift in Sources */,
				55DA86C820754CD4002941F0 /* FilteringMenuCell.swift in Sources */,
				552546CD20825A7100F20AE6 /* BaseTableViewCell.swift in Sources */,
				5564DA67206FF51E008E1327 /* User.swift in Sources */,
			);
			runOnlyForDeploymentPostprocessing = 0;
		};
/* End PBXSourcesBuildPhase section */

/* Begin PBXVariantGroup section */
		551ED1AB206D2AC000102E6C /* Main.storyboard */ = {
			isa = PBXVariantGroup;
			children = (
				551ED1AC206D2AC000102E6C /* Base */,
			);
			name = Main.storyboard;
			sourceTree = "<group>";
		};
		551ED1B3206D2AC000102E6C /* LaunchScreen.storyboard */ = {
			isa = PBXVariantGroup;
			children = (
				551ED1B4206D2AC000102E6C /* Base */,
			);
			name = LaunchScreen.storyboard;
			sourceTree = "<group>";
		};
/* End PBXVariantGroup section */

/* Begin XCBuildConfiguration section */
		551ED1B7206D2AC100102E6C /* Debug */ = {
			isa = XCBuildConfiguration;
			buildSettings = {
				ALWAYS_SEARCH_USER_PATHS = NO;
				CLANG_ANALYZER_NONNULL = YES;
				CLANG_ANALYZER_NUMBER_OBJECT_CONVERSION = YES_AGGRESSIVE;
				CLANG_CXX_LANGUAGE_STANDARD = "gnu++14";
				CLANG_CXX_LIBRARY = "libc++";
				CLANG_ENABLE_MODULES = YES;
				CLANG_ENABLE_OBJC_ARC = YES;
				CLANG_WARN_BLOCK_CAPTURE_AUTORELEASING = YES;
				CLANG_WARN_BOOL_CONVERSION = YES;
				CLANG_WARN_COMMA = YES;
				CLANG_WARN_CONSTANT_CONVERSION = YES;
				CLANG_WARN_DIRECT_OBJC_ISA_USAGE = YES_ERROR;
				CLANG_WARN_DOCUMENTATION_COMMENTS = YES;
				CLANG_WARN_EMPTY_BODY = YES;
				CLANG_WARN_ENUM_CONVERSION = YES;
				CLANG_WARN_INFINITE_RECURSION = YES;
				CLANG_WARN_INT_CONVERSION = YES;
				CLANG_WARN_NON_LITERAL_NULL_CONVERSION = YES;
				CLANG_WARN_OBJC_LITERAL_CONVERSION = YES;
				CLANG_WARN_OBJC_ROOT_CLASS = YES_ERROR;
				CLANG_WARN_RANGE_LOOP_ANALYSIS = YES;
				CLANG_WARN_STRICT_PROTOTYPES = YES;
				CLANG_WARN_SUSPICIOUS_MOVE = YES;
				CLANG_WARN_UNGUARDED_AVAILABILITY = YES_AGGRESSIVE;
				CLANG_WARN_UNREACHABLE_CODE = YES;
				CLANG_WARN__DUPLICATE_METHOD_MATCH = YES;
				CODE_SIGN_IDENTITY = "iPhone Developer";
				COPY_PHASE_STRIP = NO;
				DEBUG_INFORMATION_FORMAT = dwarf;
				ENABLE_STRICT_OBJC_MSGSEND = YES;
				ENABLE_TESTABILITY = YES;
				GCC_C_LANGUAGE_STANDARD = gnu11;
				GCC_DYNAMIC_NO_PIC = NO;
				GCC_NO_COMMON_BLOCKS = YES;
				GCC_OPTIMIZATION_LEVEL = 0;
				GCC_PREPROCESSOR_DEFINITIONS = (
					"DEBUG=1",
					"$(inherited)",
				);
				GCC_WARN_64_TO_32_BIT_CONVERSION = YES;
				GCC_WARN_ABOUT_RETURN_TYPE = YES_ERROR;
				GCC_WARN_UNDECLARED_SELECTOR = YES;
				GCC_WARN_UNINITIALIZED_AUTOS = YES_AGGRESSIVE;
				GCC_WARN_UNUSED_FUNCTION = YES;
				GCC_WARN_UNUSED_VARIABLE = YES;
				IPHONEOS_DEPLOYMENT_TARGET = 11.2;
				MTL_ENABLE_DEBUG_INFO = YES;
				ONLY_ACTIVE_ARCH = YES;
				SDKROOT = iphoneos;
				SWIFT_ACTIVE_COMPILATION_CONDITIONS = DEBUG;
				SWIFT_OPTIMIZATION_LEVEL = "-Onone";
			};
			name = Debug;
		};
		551ED1B8206D2AC100102E6C /* Release */ = {
			isa = XCBuildConfiguration;
			buildSettings = {
				ALWAYS_SEARCH_USER_PATHS = NO;
				CLANG_ANALYZER_NONNULL = YES;
				CLANG_ANALYZER_NUMBER_OBJECT_CONVERSION = YES_AGGRESSIVE;
				CLANG_CXX_LANGUAGE_STANDARD = "gnu++14";
				CLANG_CXX_LIBRARY = "libc++";
				CLANG_ENABLE_MODULES = YES;
				CLANG_ENABLE_OBJC_ARC = YES;
				CLANG_WARN_BLOCK_CAPTURE_AUTORELEASING = YES;
				CLANG_WARN_BOOL_CONVERSION = YES;
				CLANG_WARN_COMMA = YES;
				CLANG_WARN_CONSTANT_CONVERSION = YES;
				CLANG_WARN_DIRECT_OBJC_ISA_USAGE = YES_ERROR;
				CLANG_WARN_DOCUMENTATION_COMMENTS = YES;
				CLANG_WARN_EMPTY_BODY = YES;
				CLANG_WARN_ENUM_CONVERSION = YES;
				CLANG_WARN_INFINITE_RECURSION = YES;
				CLANG_WARN_INT_CONVERSION = YES;
				CLANG_WARN_NON_LITERAL_NULL_CONVERSION = YES;
				CLANG_WARN_OBJC_LITERAL_CONVERSION = YES;
				CLANG_WARN_OBJC_ROOT_CLASS = YES_ERROR;
				CLANG_WARN_RANGE_LOOP_ANALYSIS = YES;
				CLANG_WARN_STRICT_PROTOTYPES = YES;
				CLANG_WARN_SUSPICIOUS_MOVE = YES;
				CLANG_WARN_UNGUARDED_AVAILABILITY = YES_AGGRESSIVE;
				CLANG_WARN_UNREACHABLE_CODE = YES;
				CLANG_WARN__DUPLICATE_METHOD_MATCH = YES;
				CODE_SIGN_IDENTITY = "iPhone Developer";
				COPY_PHASE_STRIP = NO;
				DEBUG_INFORMATION_FORMAT = "dwarf-with-dsym";
				ENABLE_NS_ASSERTIONS = NO;
				ENABLE_STRICT_OBJC_MSGSEND = YES;
				GCC_C_LANGUAGE_STANDARD = gnu11;
				GCC_NO_COMMON_BLOCKS = YES;
				GCC_WARN_64_TO_32_BIT_CONVERSION = YES;
				GCC_WARN_ABOUT_RETURN_TYPE = YES_ERROR;
				GCC_WARN_UNDECLARED_SELECTOR = YES;
				GCC_WARN_UNINITIALIZED_AUTOS = YES_AGGRESSIVE;
				GCC_WARN_UNUSED_FUNCTION = YES;
				GCC_WARN_UNUSED_VARIABLE = YES;
				IPHONEOS_DEPLOYMENT_TARGET = 11.2;
				MTL_ENABLE_DEBUG_INFO = NO;
				SDKROOT = iphoneos;
				SWIFT_OPTIMIZATION_LEVEL = "-Owholemodule";
				VALIDATE_PRODUCT = YES;
			};
			name = Release;
		};
		551ED1BA206D2AC100102E6C /* Debug */ = {
			isa = XCBuildConfiguration;
			baseConfigurationReference = 245FEBC03CE57D709861E3DF /* Pods-JapanCareer.debug.xcconfig */;
			buildSettings = {
				ASSETCATALOG_COMPILER_APPICON_NAME = AppIcon;
				CODE_SIGN_STYLE = Automatic;
				DEVELOPMENT_TEAM = V5597WVJA9;
				INFOPLIST_FILE = JapanCareer/Info.plist;
				LD_RUNPATH_SEARCH_PATHS = "$(inherited) @executable_path/Frameworks";
				PRODUCT_BUNDLE_IDENTIFIER = edu.cmu.andrew.koheia.JapanCareer;
				PRODUCT_NAME = "$(TARGET_NAME)";
				SWIFT_VERSION = 4.0;
				TARGETED_DEVICE_FAMILY = "1,2";
			};
			name = Debug;
		};
		551ED1BB206D2AC100102E6C /* Release */ = {
			isa = XCBuildConfiguration;
			baseConfigurationReference = 585AEE0D3B25482BC5D156E0 /* Pods-JapanCareer.release.xcconfig */;
			buildSettings = {
				ASSETCATALOG_COMPILER_APPICON_NAME = AppIcon;
				CODE_SIGN_STYLE = Automatic;
				DEVELOPMENT_TEAM = V5597WVJA9;
				INFOPLIST_FILE = JapanCareer/Info.plist;
				LD_RUNPATH_SEARCH_PATHS = "$(inherited) @executable_path/Frameworks";
				PRODUCT_BUNDLE_IDENTIFIER = edu.cmu.andrew.koheia.JapanCareer;
				PRODUCT_NAME = "$(TARGET_NAME)";
				SWIFT_VERSION = 4.0;
				TARGETED_DEVICE_FAMILY = "1,2";
			};
			name = Release;
		};
/* End XCBuildConfiguration section */

/* Begin XCConfigurationList section */
		551ED19F206D2AC000102E6C /* Build configuration list for PBXProject "JapanCareer" */ = {
			isa = XCConfigurationList;
			buildConfigurations = (
				551ED1B7206D2AC100102E6C /* Debug */,
				551ED1B8206D2AC100102E6C /* Release */,
			);
			defaultConfigurationIsVisible = 0;
			defaultConfigurationName = Release;
		};
		551ED1B9206D2AC100102E6C /* Build configuration list for PBXNativeTarget "JapanCareer" */ = {
			isa = XCConfigurationList;
			buildConfigurations = (
				551ED1BA206D2AC100102E6C /* Debug */,
				551ED1BB206D2AC100102E6C /* Release */,
			);
			defaultConfigurationIsVisible = 0;
			defaultConfigurationName = Release;
		};
/* End XCConfigurationList section */

/* Begin XCVersionGroup section */
		551ED1AE206D2AC000102E6C /* JapanCareer.xcdatamodeld */ = {
			isa = XCVersionGroup;
			children = (
				551ED1AF206D2AC000102E6C /* JapanCareer.xcdatamodel */,
			);
			currentVersion = 551ED1AF206D2AC000102E6C /* JapanCareer.xcdatamodel */;
			path = JapanCareer.xcdatamodeld;
			sourceTree = "<group>";
			versionGroupType = wrapper.xcdatamodel;
		};
/* End XCVersionGroup section */
	};
	rootObject = 551ED19C206D2AC000102E6C /* Project object */;
}
